// !$*UTF8*$!
{
	archiveVersion = 1;
	classes = {
	};
	objectVersion = 50;
	objects = {

/* Begin PBXBuildFile section */
		6755DCE2789C494CA826287F /* Pods_LoginMVVM.framework in Frameworks */ = {isa = PBXBuildFile; fileRef = 364DAD518EB7CBDB9915C459 /* Pods_LoginMVVM.framework */; };
		6A1CE57A1F4E901F752CD171 /* Pods_LoginMVVMTests.framework in Frameworks */ = {isa = PBXBuildFile; fileRef = 9D51904F8CA37B58500F808D /* Pods_LoginMVVMTests.framework */; };
		BED5C65D20AF488100838019 /* AppDelegate.swift in Sources */ = {isa = PBXBuildFile; fileRef = BED5C65C20AF488100838019 /* AppDelegate.swift */; };
		BED5C65F20AF488100838019 /* ViewController.swift in Sources */ = {isa = PBXBuildFile; fileRef = BED5C65E20AF488100838019 /* ViewController.swift */; };
		BED5C66220AF488100838019 /* Main.storyboard in Resources */ = {isa = PBXBuildFile; fileRef = BED5C66020AF488100838019 /* Main.storyboard */; };
		BED5C66420AF488200838019 /* Assets.xcassets in Resources */ = {isa = PBXBuildFile; fileRef = BED5C66320AF488200838019 /* Assets.xcassets */; };
		BED5C66720AF488200838019 /* LaunchScreen.storyboard in Resources */ = {isa = PBXBuildFile; fileRef = BED5C66520AF488200838019 /* LaunchScreen.storyboard */; };
		BED5C67220AF488200838019 /* LoginMVVMTests.swift in Sources */ = {isa = PBXBuildFile; fileRef = BED5C67120AF488200838019 /* LoginMVVMTests.swift */; };
		BED5C67D20AF4A4000838019 /* CalculatorViewController.swift in Sources */ = {isa = PBXBuildFile; fileRef = BED5C67C20AF4A3F00838019 /* CalculatorViewController.swift */; };
		BED5C68120AF4A8C00838019 /* CalculatorViewModel.swift in Sources */ = {isa = PBXBuildFile; fileRef = BED5C67F20AF4A8B00838019 /* CalculatorViewModel.swift */; };
		BED5C68220AF4A8C00838019 /* LoginViewModel.swift in Sources */ = {isa = PBXBuildFile; fileRef = BED5C68020AF4A8C00838019 /* LoginViewModel.swift */; };
/* End PBXBuildFile section */

/* Begin PBXContainerItemProxy section */
		BED5C66E20AF488200838019 /* PBXContainerItemProxy */ = {
			isa = PBXContainerItemProxy;
			containerPortal = BED5C65120AF488100838019 /* Project object */;
			proxyType = 1;
			remoteGlobalIDString = BED5C65820AF488100838019;
			remoteInfo = LoginMVVM;
		};
/* End PBXContainerItemProxy section */

/* Begin PBXFileReference section */
		364DAD518EB7CBDB9915C459 /* Pods_LoginMVVM.framework */ = {isa = PBXFileReference; explicitFileType = wrapper.framework; includeInIndex = 0; path = Pods_LoginMVVM.framework; sourceTree = BUILT_PRODUCTS_DIR; };
		5C6043FB0647C54447588E21 /* Pods-LoginMVVMTests.release.xcconfig */ = {isa = PBXFileReference; includeInIndex = 1; lastKnownFileType = text.xcconfig; name = "Pods-LoginMVVMTests.release.xcconfig"; path = "Pods/Target Support Files/Pods-LoginMVVMTests/Pods-LoginMVVMTests.release.xcconfig"; sourceTree = "<group>"; };
		9D51904F8CA37B58500F808D /* Pods_LoginMVVMTests.framework */ = {isa = PBXFileReference; explicitFileType = wrapper.framework; includeInIndex = 0; path = Pods_LoginMVVMTests.framework; sourceTree = BUILT_PRODUCTS_DIR; };
		A952EA647C6996A56C10F2C9 /* Pods-LoginMVVMTests.debug.xcconfig */ = {isa = PBXFileReference; includeInIndex = 1; lastKnownFileType = text.xcconfig; name = "Pods-LoginMVVMTests.debug.xcconfig"; path = "Pods/Target Support Files/Pods-LoginMVVMTests/Pods-LoginMVVMTests.debug.xcconfig"; sourceTree = "<group>"; };
		BB7742CB8CB2CC8D7F2FB237 /* Pods-LoginMVVM.release.xcconfig */ = {isa = PBXFileReference; includeInIndex = 1; lastKnownFileType = text.xcconfig; name = "Pods-LoginMVVM.release.xcconfig"; path = "Pods/Target Support Files/Pods-LoginMVVM/Pods-LoginMVVM.release.xcconfig"; sourceTree = "<group>"; };
		BED5C65920AF488100838019 /* LoginMVVM.app */ = {isa = PBXFileReference; explicitFileType = wrapper.application; includeInIndex = 0; path = LoginMVVM.app; sourceTree = BUILT_PRODUCTS_DIR; };
		BED5C65C20AF488100838019 /* AppDelegate.swift */ = {isa = PBXFileReference; lastKnownFileType = sourcecode.swift; path = AppDelegate.swift; sourceTree = "<group>"; };
		BED5C65E20AF488100838019 /* ViewController.swift */ = {isa = PBXFileReference; lastKnownFileType = sourcecode.swift; path = ViewController.swift; sourceTree = "<group>"; };
		BED5C66120AF488100838019 /* Base */ = {isa = PBXFileReference; lastKnownFileType = file.storyboard; name = Base; path = Base.lproj/Main.storyboard; sourceTree = "<group>"; };
		BED5C66320AF488200838019 /* Assets.xcassets */ = {isa = PBXFileReference; lastKnownFileType = folder.assetcatalog; path = Assets.xcassets; sourceTree = "<group>"; };
		BED5C66620AF488200838019 /* Base */ = {isa = PBXFileReference; lastKnownFileType = file.storyboard; name = Base; path = Base.lproj/LaunchScreen.storyboard; sourceTree = "<group>"; };
		BED5C66820AF488200838019 /* Info.plist */ = {isa = PBXFileReference; lastKnownFileType = text.plist.xml; path = Info.plist; sourceTree = "<group>"; };
		BED5C66D20AF488200838019 /* LoginMVVMTests.xctest */ = {isa = PBXFileReference; explicitFileType = wrapper.cfbundle; includeInIndex = 0; path = LoginMVVMTests.xctest; sourceTree = BUILT_PRODUCTS_DIR; };
		BED5C67120AF488200838019 /* LoginMVVMTests.swift */ = {isa = PBXFileReference; lastKnownFileType = sourcecode.swift; path = LoginMVVMTests.swift; sourceTree = "<group>"; };
		BED5C67320AF488200838019 /* Info.plist */ = {isa = PBXFileReference; lastKnownFileType = text.plist.xml; path = Info.plist; sourceTree = "<group>"; };
		BED5C67C20AF4A3F00838019 /* CalculatorViewController.swift */ = {isa = PBXFileReference; fileEncoding = 4; lastKnownFileType = sourcecode.swift; path = CalculatorViewController.swift; sourceTree = "<group>"; };
		BED5C67F20AF4A8B00838019 /* CalculatorViewModel.swift */ = {isa = PBXFileReference; fileEncoding = 4; lastKnownFileType = sourcecode.swift; path = CalculatorViewModel.swift; sourceTree = "<group>"; };
		BED5C68020AF4A8C00838019 /* LoginViewModel.swift */ = {isa = PBXFileReference; fileEncoding = 4; lastKnownFileType = sourcecode.swift; path = LoginViewModel.swift; sourceTree = "<group>"; };
		C112146C0FCB08A7C32D5B14 /* Pods-LoginMVVM.debug.xcconfig */ = {isa = PBXFileReference; includeInIndex = 1; lastKnownFileType = text.xcconfig; name = "Pods-LoginMVVM.debug.xcconfig"; path = "Pods/Target Support Files/Pods-LoginMVVM/Pods-LoginMVVM.debug.xcconfig"; sourceTree = "<group>"; };
/* End PBXFileReference section */

/* Begin PBXFrameworksBuildPhase section */
		BED5C65620AF488100838019 /* Frameworks */ = {
			isa = PBXFrameworksBuildPhase;
			buildActionMask = 2147483647;
			files = (
				6755DCE2789C494CA826287F /* Pods_LoginMVVM.framework in Frameworks */,
			);
			runOnlyForDeploymentPostprocessing = 0;
		};
		BED5C66A20AF488200838019 /* Frameworks */ = {
			isa = PBXFrameworksBuildPhase;
			buildActionMask = 2147483647;
			files = (
				6A1CE57A1F4E901F752CD171 /* Pods_LoginMVVMTests.framework in Frameworks */,
			);
			runOnlyForDeploymentPostprocessing = 0;
		};
/* End PBXFrameworksBuildPhase section */

/* Begin PBXGroup section */
		1E4E269BACA8C8D3496A5290 /* Pods */ = {
			isa = PBXGroup;
			children = (
				C112146C0FCB08A7C32D5B14 /* Pods-LoginMVVM.debug.xcconfig */,
				BB7742CB8CB2CC8D7F2FB237 /* Pods-LoginMVVM.release.xcconfig */,
				A952EA647C6996A56C10F2C9 /* Pods-LoginMVVMTests.debug.xcconfig */,
				5C6043FB0647C54447588E21 /* Pods-LoginMVVMTests.release.xcconfig */,
			);
			name = Pods;
			sourceTree = "<group>";
		};
		93B8AC60F4614834E5830491 /* Frameworks */ = {
			isa = PBXGroup;
			children = (
				364DAD518EB7CBDB9915C459 /* Pods_LoginMVVM.framework */,
				9D51904F8CA37B58500F808D /* Pods_LoginMVVMTests.framework */,
			);
			name = Frameworks;
			sourceTree = "<group>";
		};
		BED5C65020AF488100838019 = {
			isa = PBXGroup;
			children = (
				BED5C65B20AF488100838019 /* LoginMVVM */,
				BED5C67020AF488200838019 /* LoginMVVMTests */,
				BED5C65A20AF488100838019 /* Products */,
				1E4E269BACA8C8D3496A5290 /* Pods */,
				93B8AC60F4614834E5830491 /* Frameworks */,
			);
			sourceTree = "<group>";
		};
		BED5C65A20AF488100838019 /* Products */ = {
			isa = PBXGroup;
			children = (
				BED5C65920AF488100838019 /* LoginMVVM.app */,
				BED5C66D20AF488200838019 /* LoginMVVMTests.xctest */,
			);
			name = Products;
			sourceTree = "<group>";
		};
		BED5C65B20AF488100838019 /* LoginMVVM */ = {
			isa = PBXGroup;
			children = (
				BED5C67E20AF4A6300838019 /* ViewModel */,
				BED5C65C20AF488100838019 /* AppDelegate.swift */,
				BED5C65E20AF488100838019 /* ViewController.swift */,
				BED5C67C20AF4A3F00838019 /* CalculatorViewController.swift */,
				BED5C66020AF488100838019 /* Main.storyboard */,
				BED5C66320AF488200838019 /* Assets.xcassets */,
				BED5C66520AF488200838019 /* LaunchScreen.storyboard */,
				BED5C66820AF488200838019 /* Info.plist */,
			);
			path = LoginMVVM;
			sourceTree = "<group>";
		};
		BED5C67020AF488200838019 /* LoginMVVMTests */ = {
			isa = PBXGroup;
			children = (
				BED5C67120AF488200838019 /* LoginMVVMTests.swift */,
				BED5C67320AF488200838019 /* Info.plist */,
			);
			path = LoginMVVMTests;
			sourceTree = "<group>";
		};
		BED5C67E20AF4A6300838019 /* ViewModel */ = {
			isa = PBXGroup;
			children = (
				BED5C67F20AF4A8B00838019 /* CalculatorViewModel.swift */,
				BED5C68020AF4A8C00838019 /* LoginViewModel.swift */,
			);
			path = ViewModel;
			sourceTree = "<group>";
		};
/* End PBXGroup section */

/* Begin PBXNativeTarget section */
		BED5C65820AF488100838019 /* LoginMVVM */ = {
			isa = PBXNativeTarget;
			buildConfigurationList = BED5C67620AF488200838019 /* Build configuration list for PBXNativeTarget "LoginMVVM" */;
			buildPhases = (
				C9EDA2C843ED1D99476BBDE7 /* [CP] Check Pods Manifest.lock */,
				BED5C65520AF488100838019 /* Sources */,
				BED5C65620AF488100838019 /* Frameworks */,
				BED5C65720AF488100838019 /* Resources */,
				6552FABAD855777833288C63 /* [CP] Embed Pods Frameworks */,
			);
			buildRules = (
			);
			dependencies = (
			);
			name = LoginMVVM;
			productName = LoginMVVM;
			productReference = BED5C65920AF488100838019 /* LoginMVVM.app */;
			productType = "com.apple.product-type.application";
		};
		BED5C66C20AF488200838019 /* LoginMVVMTests */ = {
			isa = PBXNativeTarget;
			buildConfigurationList = BED5C67920AF488200838019 /* Build configuration list for PBXNativeTarget "LoginMVVMTests" */;
			buildPhases = (
				5C57FB3F8F080A52963EB969 /* [CP] Check Pods Manifest.lock */,
				BED5C66920AF488200838019 /* Sources */,
				BED5C66A20AF488200838019 /* Frameworks */,
				BED5C66B20AF488200838019 /* Resources */,
			);
			buildRules = (
			);
			dependencies = (
				BED5C66F20AF488200838019 /* PBXTargetDependency */,
			);
			name = LoginMVVMTests;
			productName = LoginMVVMTests;
			productReference = BED5C66D20AF488200838019 /* LoginMVVMTests.xctest */;
			productType = "com.apple.product-type.bundle.unit-test";
		};
/* End PBXNativeTarget section */

/* Begin PBXProject section */
		BED5C65120AF488100838019 /* Project object */ = {
			isa = PBXProject;
			attributes = {
				LastSwiftUpdateCheck = 0930;
				LastUpgradeCheck = 0930;
				ORGANIZATIONNAME = "Anuradha Sharma";
				TargetAttributes = {
					BED5C65820AF488100838019 = {
						CreatedOnToolsVersion = 9.3;
					};
					BED5C66C20AF488200838019 = {
						CreatedOnToolsVersion = 9.3;
						TestTargetID = BED5C65820AF488100838019;
					};
				};
			};
			buildConfigurationList = BED5C65420AF488100838019 /* Build configuration list for PBXProject "LoginMVVM" */;
			compatibilityVersion = "Xcode 9.3";
			developmentRegion = en;
			hasScannedForEncodings = 0;
			knownRegions = (
				en,
				Base,
			);
			mainGroup = BED5C65020AF488100838019;
			productRefGroup = BED5C65A20AF488100838019 /* Products */;
			projectDirPath = "";
			projectRoot = "";
			targets = (
				BED5C65820AF488100838019 /* LoginMVVM */,
				BED5C66C20AF488200838019 /* LoginMVVMTests */,
			);
		};
/* End PBXProject section */

/* Begin PBXResourcesBuildPhase section */
		BED5C65720AF488100838019 /* Resources */ = {
			isa = PBXResourcesBuildPhase;
			buildActionMask = 2147483647;
			files = (
				BED5C66720AF488200838019 /* LaunchScreen.storyboard in Resources */,
				BED5C66420AF488200838019 /* Assets.xcassets in Resources */,
				BED5C66220AF488100838019 /* Main.storyboard in Resources */,
			);
			runOnlyForDeploymentPostprocessing = 0;
		};
		BED5C66B20AF488200838019 /* Resources */ = {
			isa = PBXResourcesBuildPhase;
			buildActionMask = 2147483647;
			files = (
			);
			runOnlyForDeploymentPostprocessing = 0;
		};
/* End PBXResourcesBuildPhase section */

/* Begin PBXShellScriptBuildPhase section */
		5C57FB3F8F080A52963EB969 /* [CP] Check Pods Manifest.lock */ = {
			isa = PBXShellScriptBuildPhase;
			buildActionMask = 2147483647;
			files = (
			);
			inputPaths = (
				"${PODS_PODFILE_DIR_PATH}/Podfile.lock",
				"${PODS_ROOT}/Manifest.lock",
			);
			name = "[CP] Check Pods Manifest.lock";
			outputPaths = (
				"$(DERIVED_FILE_DIR)/Pods-LoginMVVMTests-checkManifestLockResult.txt",
			);
			runOnlyForDeploymentPostprocessing = 0;
			shellPath = /bin/sh;
			shellScript = "diff \"${PODS_PODFILE_DIR_PATH}/Podfile.lock\" \"${PODS_ROOT}/Manifest.lock\" > /dev/null\nif [ $? != 0 ] ; then\n    # print error to STDERR\n    echo \"error: The sandbox is not in sync with the Podfile.lock. Run 'pod install' or update your CocoaPods installation.\" >&2\n    exit 1\nfi\n# This output is used by Xcode 'outputs' to avoid re-running this script phase.\necho \"SUCCESS\" > \"${SCRIPT_OUTPUT_FILE_0}\"\n";
			showEnvVarsInLog = 0;
		};
		6552FABAD855777833288C63 /* [CP] Embed Pods Frameworks */ = {
			isa = PBXShellScriptBuildPhase;
			buildActionMask = 2147483647;
			files = (
			);
			inputPaths = (
				"${SRCROOT}/Pods/Target Support Files/Pods-LoginMVVM/Pods-LoginMVVM-frameworks.sh",
				"${BUILT_PRODUCTS_DIR}/RxCocoa/RxCocoa.framework",
				"${BUILT_PRODUCTS_DIR}/RxSwift/RxSwift.framework",
			);
			name = "[CP] Embed Pods Frameworks";
			outputPaths = (
				"${TARGET_BUILD_DIR}/${FRAMEWORKS_FOLDER_PATH}/RxCocoa.framework",
				"${TARGET_BUILD_DIR}/${FRAMEWORKS_FOLDER_PATH}/RxSwift.framework",
			);
			runOnlyForDeploymentPostprocessing = 0;
			shellPath = /bin/sh;
			shellScript = "\"${SRCROOT}/Pods/Target Support Files/Pods-LoginMVVM/Pods-LoginMVVM-frameworks.sh\"\n";
			showEnvVarsInLog = 0;
		};
		C9EDA2C843ED1D99476BBDE7 /* [CP] Check Pods Manifest.lock */ = {
			isa = PBXShellScriptBuildPhase;
			buildActionMask = 2147483647;
			files = (
			);
			inputPaths = (
				"${PODS_PODFILE_DIR_PATH}/Podfile.lock",
				"${PODS_ROOT}/Manifest.lock",
			);
			name = "[CP] Check Pods Manifest.lock";
			outputPaths = (
				"$(DERIVED_FILE_DIR)/Pods-LoginMVVM-checkManifestLockResult.txt",
			);
			runOnlyForDeploymentPostprocessing = 0;
			shellPath = /bin/sh;
			shellScript = "diff \"${PODS_PODFILE_DIR_PATH}/Podfile.lock\" \"${PODS_ROOT}/Manifest.lock\" > /dev/null\nif [ $? != 0 ] ; then\n    # print error to STDERR\n    echo \"error: The sandbox is not in sync with the Podfile.lock. Run 'pod install' or update your CocoaPods installation.\" >&2\n    exit 1\nfi\n# This output is used by Xcode 'outputs' to avoid re-running this script phase.\necho \"SUCCESS\" > \"${SCRIPT_OUTPUT_FILE_0}\"\n";
			showEnvVarsInLog = 0;
		};
/* End PBXShellScriptBuildPhase section */

/* Begin PBXSourcesBuildPhase section */
		BED5C65520AF488100838019 /* Sources */ = {
			isa = PBXSourcesBuildPhase;
			buildActionMask = 2147483647;
			files = (
				BED5C65F20AF488100838019 /* ViewController.swift in Sources */,
				BED5C67D20AF4A4000838019 /* CalculatorViewController.swift in Sources */,
				BED5C68120AF4A8C00838019 /* CalculatorViewModel.swift in Sources */,
				BED5C68220AF4A8C00838019 /* LoginViewModel.swift in Sources */,
				BED5C65D20AF488100838019 /* AppDelegate.swift in Sources */,
			);
			runOnlyForDeploymentPostprocessing = 0;
		};
		BED5C66920AF488200838019 /* Sources */ = {
			isa = PBXSourcesBuildPhase;
			buildActionMask = 2147483647;
			files = (
				BED5C67220AF488200838019 /* LoginMVVMTests.swift in Sources */,
			);
			runOnlyForDeploymentPostprocessing = 0;
		};
/* End PBXSourcesBuildPhase section */

/* Begin PBXTargetDependency section */
		BED5C66F20AF488200838019 /* PBXTargetDependency */ = {
			isa = PBXTargetDependency;
			target = BED5C65820AF488100838019 /* LoginMVVM */;
			targetProxy = BED5C66E20AF488200838019 /* PBXContainerItemProxy */;
		};
/* End PBXTargetDependency section */

/* Begin PBXVariantGroup section */
		BED5C66020AF488100838019 /* Main.storyboard */ = {
			isa = PBXVariantGroup;
			children = (
				BED5C66120AF488100838019 /* Base */,
			);
			name = Main.storyboard;
			sourceTree = "<group>";
		};
		BED5C66520AF488200838019 /* LaunchScreen.storyboard */ = {
			isa = PBXVariantGroup;
			children = (
				BED5C66620AF488200838019 /* Base */,
			);
			name = LaunchScreen.storyboard;
			sourceTree = "<group>";
		};
/* End PBXVariantGroup section */

/* Begin XCBuildConfiguration section */
		BED5C67420AF488200838019 /* Debug */ = {
			isa = XCBuildConfiguration;
			buildSettings = {
				ALWAYS_SEARCH_USER_PATHS = NO;
				CLANG_ANALYZER_NONNULL = YES;
				CLANG_ANALYZER_NUMBER_OBJECT_CONVERSION = YES_AGGRESSIVE;
				CLANG_CXX_LANGUAGE_STANDARD = "gnu++14";
				CLANG_CXX_LIBRARY = "libc++";
				CLANG_ENABLE_MODULES = YES;
				CLANG_ENABLE_OBJC_ARC = YES;
				CLANG_ENABLE_OBJC_WEAK = YES;
				CLANG_WARN_BLOCK_CAPTURE_AUTORELEASING = YES;
				CLANG_WARN_BOOL_CONVERSION = YES;
				CLANG_WARN_COMMA = YES;
				CLANG_WARN_CONSTANT_CONVERSION = YES;
				CLANG_WARN_DEPRECATED_OBJC_IMPLEMENTATIONS = YES;
				CLANG_WARN_DIRECT_OBJC_ISA_USAGE = YES_ERROR;
				CLANG_WARN_DOCUMENTATION_COMMENTS = YES;
				CLANG_WARN_EMPTY_BODY = YES;
				CLANG_WARN_ENUM_CONVERSION = YES;
				CLANG_WARN_INFINITE_RECURSION = YES;
				CLANG_WARN_INT_CONVERSION = YES;
				CLANG_WARN_NON_LITERAL_NULL_CONVERSION = YES;
				CLANG_WARN_OBJC_IMPLICIT_RETAIN_SELF = YES;
				CLANG_WARN_OBJC_LITERAL_CONVERSION = YES;
				CLANG_WARN_OBJC_ROOT_CLASS = YES_ERROR;
				CLANG_WARN_RANGE_LOOP_ANALYSIS = YES;
				CLANG_WARN_STRICT_PROTOTYPES = YES;
				CLANG_WARN_SUSPICIOUS_MOVE = YES;
				CLANG_WARN_UNGUARDED_AVAILABILITY = YES_AGGRESSIVE;
				CLANG_WARN_UNREACHABLE_CODE = YES;
				CLANG_WARN__DUPLICATE_METHOD_MATCH = YES;
				CODE_SIGN_IDENTITY = "iPhone Developer";
				COPY_PHASE_STRIP = NO;
				DEBUG_INFORMATION_FORMAT = dwarf;
				ENABLE_STRICT_OBJC_MSGSEND = YES;
				ENABLE_TESTABILITY = YES;
				GCC_C_LANGUAGE_STANDARD = gnu11;
				GCC_DYNAMIC_NO_PIC = NO;
				GCC_NO_COMMON_BLOCKS = YES;
				GCC_OPTIMIZATION_LEVEL = 0;
				GCC_PREPROCESSOR_DEFINITIONS = (
					"DEBUG=1",
					"$(inherited)",
				);
				GCC_WARN_64_TO_32_BIT_CONVERSION = YES;
				GCC_WARN_ABOUT_RETURN_TYPE = YES_ERROR;
				GCC_WARN_UNDECLARED_SELECTOR = YES;
				GCC_WARN_UNINITIALIZED_AUTOS = YES_AGGRESSIVE;
				GCC_WARN_UNUSED_FUNCTION = YES;
				GCC_WARN_UNUSED_VARIABLE = YES;
				IPHONEOS_DEPLOYMENT_TARGET = 11.3;
				MTL_ENABLE_DEBUG_INFO = YES;
				ONLY_ACTIVE_ARCH = YES;
				SDKROOT = iphoneos;
				SWIFT_ACTIVE_COMPILATION_CONDITIONS = DEBUG;
				SWIFT_OPTIMIZATION_LEVEL = "-Onone";
			};
			name = Debug;
		};
		BED5C67520AF488200838019 /* Release */ = {
			isa = XCBuildConfiguration;
			buildSettings = {
				ALWAYS_SEARCH_USER_PATHS = NO;
				CLANG_ANALYZER_NONNULL = YES;
				CLANG_ANALYZER_NUMBER_OBJECT_CONVERSION = YES_AGGRESSIVE;
				CLANG_CXX_LANGUAGE_STANDARD = "gnu++14";
				CLANG_CXX_LIBRARY = "libc++";
				CLANG_ENABLE_MODULES = YES;
				CLANG_ENABLE_OBJC_ARC = YES;
				CLANG_ENABLE_OBJC_WEAK = YES;
				CLANG_WARN_BLOCK_CAPTURE_AUTORELEASING = YES;
				CLANG_WARN_BOOL_CONVERSION = YES;
				CLANG_WARN_COMMA = YES;
				CLANG_WARN_CONSTANT_CONVERSION = YES;
				CLANG_WARN_DEPRECATED_OBJC_IMPLEMENTATIONS = YES;
				CLANG_WARN_DIRECT_OBJC_ISA_USAGE = YES_ERROR;
				CLANG_WARN_DOCUMENTATION_COMMENTS = YES;
				CLANG_WARN_EMPTY_BODY = YES;
				CLANG_WARN_ENUM_CONVERSION = YES;
				CLANG_WARN_INFINITE_RECURSION = YES;
				CLANG_WARN_INT_CONVERSION = YES;
				CLANG_WARN_NON_LITERAL_NULL_CONVERSION = YES;
				CLANG_WARN_OBJC_IMPLICIT_RETAIN_SELF = YES;
				CLANG_WARN_OBJC_LITERAL_CONVERSION = YES;
				CLANG_WARN_OBJC_ROOT_CLASS = YES_ERROR;
				CLANG_WARN_RANGE_LOOP_ANALYSIS = YES;
				CLANG_WARN_STRICT_PROTOTYPES = YES;
				CLANG_WARN_SUSPICIOUS_MOVE = YES;
				CLANG_WARN_UNGUARDED_AVAILABILITY = YES_AGGRESSIVE;
				CLANG_WARN_UNREACHABLE_CODE = YES;
				CLANG_WARN__DUPLICATE_METHOD_MATCH = YES;
				CODE_SIGN_IDENTITY = "iPhone Developer";
				COPY_PHASE_STRIP = NO;
				DEBUG_INFORMATION_FORMAT = "dwarf-with-dsym";
				ENABLE_NS_ASSERTIONS = NO;
				ENABLE_STRICT_OBJC_MSGSEND = YES;
				GCC_C_LANGUAGE_STANDARD = gnu11;
				GCC_NO_COMMON_BLOCKS = YES;
				GCC_WARN_64_TO_32_BIT_CONVERSION = YES;
				GCC_WARN_ABOUT_RETURN_TYPE = YES_ERROR;
				GCC_WARN_UNDECLARED_SELECTOR = YES;
				GCC_WARN_UNINITIALIZED_AUTOS = YES_AGGRESSIVE;
				GCC_WARN_UNUSED_FUNCTION = YES;
				GCC_WARN_UNUSED_VARIABLE = YES;
				IPHONEOS_DEPLOYMENT_TARGET = 11.3;
				MTL_ENABLE_DEBUG_INFO = NO;
				SDKROOT = iphoneos;
				SWIFT_COMPILATION_MODE = wholemodule;
				SWIFT_OPTIMIZATION_LEVEL = "-O";
				VALIDATE_PRODUCT = YES;
			};
			name = Release;
		};
		BED5C67720AF488200838019 /* Debug */ = {
			isa = XCBuildConfiguration;
			baseConfigurationReference = C112146C0FCB08A7C32D5B14 /* Pods-LoginMVVM.debug.xcconfig */;
			buildSettings = {
				ASSETCATALOG_COMPILER_APPICON_NAME = AppIcon;
				CODE_SIGN_STYLE = Automatic;
				INFOPLIST_FILE = LoginMVVM/Info.plist;
				LD_RUNPATH_SEARCH_PATHS = (
					"$(inherited)",
					"@executable_path/Frameworks",
				);
				PRODUCT_BUNDLE_IDENTIFIER = com.softprodigy.LoginMVVM;
				PRODUCT_NAME = "$(TARGET_NAME)";
				SWIFT_VERSION = 4.0;
				TARGETED_DEVICE_FAMILY = "1,2";
			};
			name = Debug;
		};
		BED5C67820AF488200838019 /* Release */ = {
			isa = XCBuildConfiguration;
			baseConfigurationReference = BB7742CB8CB2CC8D7F2FB237 /* Pods-LoginMVVM.release.xcconfig */;
			buildSettings = {
				ASSETCATALOG_COMPILER_APPICON_NAME = AppIcon;
				CODE_SIGN_STYLE = Automatic;
				INFOPLIST_FILE = LoginMVVM/Info.plist;
				LD_RUNPATH_SEARCH_PATHS = (
					"$(inherited)",
					"@executable_path/Frameworks",
				);
				PRODUCT_BUNDLE_IDENTIFIER = com.softprodigy.LoginMVVM;
				PRODUCT_NAME = "$(TARGET_NAME)";
				SWIFT_VERSION = 4.0;
				TARGETED_DEVICE_FAMILY = "1,2";
			};
			name = Release;
		};
		BED5C67A20AF488200838019 /* Debug */ = {
			isa = XCBuildConfiguration;
			baseConfigurationReference = A952EA647C6996A56C10F2C9 /* Pods-LoginMVVMTests.debug.xcconfig */;
			buildSettings = {
				ALWAYS_EMBED_SWIFT_STANDARD_LIBRARIES = YES;
				BUNDLE_LOADER = "$(TEST_HOST)";
				CODE_SIGN_STYLE = Automatic;
				INFOPLIST_FILE = LoginMVVMTests/Info.plist;
				LD_RUNPATH_SEARCH_PATHS = (
					"$(inherited)",
					"@executable_path/Frameworks",
					"@loader_path/Frameworks",
				);
				PRODUCT_BUNDLE_IDENTIFIER = com.softprodigy.LoginMVVMTests;
				PRODUCT_NAME = "$(TARGET_NAME)";
				SWIFT_VERSION = 4.0;
				TARGETED_DEVICE_FAMILY = "1,2";
				TEST_HOST = "$(BUILT_PRODUCTS_DIR)/LoginMVVM.app/LoginMVVM";
			};
			name = Debug;
		};
		BED5C67B20AF488200838019 /* Release */ = {
			isa = XCBuildConfiguration;
			baseConfigurationReference = 5C6043FB0647C54447588E21 /* Pods-LoginMVVMTests.release.xcconfig */;
			buildSettings = {
				ALWAYS_EMBED_SWIFT_STANDARD_LIBRARIES = YES;
				BUNDLE_LOADER = "$(TEST_HOST)";
				CODE_SIGN_STYLE = Automatic;
				INFOPLIST_FILE = LoginMVVMTests/Info.plist;
				LD_RUNPATH_SEARCH_PATHS = (
					"$(inherited)",
					"@executable_path/Frameworks",
					"@loader_path/Frameworks",
				);
				PRODUCT_BUNDLE_IDENTIFIER = com.softprodigy.LoginMVVMTests;
				PRODUCT_NAME = "$(TARGET_NAME)";
				SWIFT_VERSION = 4.0;
				TARGETED_DEVICE_FAMILY = "1,2";
				TEST_HOST = "$(BUILT_PRODUCTS_DIR)/LoginMVVM.app/LoginMVVM";
			};
			name = Release;
		};
/* End XCBuildConfiguration section */

/* Begin XCConfigurationList section */
		BED5C65420AF488100838019 /* Build configuration list for PBXProject "LoginMVVM" */ = {
			isa = XCConfigurationList;
			buildConfigurations = (
				BED5C67420AF488200838019 /* Debug */,
				BED5C67520AF488200838019 /* Release */,
			);
			defaultConfigurationIsVisible = 0;
			defaultConfigurationName = Release;
		};
		BED5C67620AF488200838019 /* Build configuration list for PBXNativeTarget "LoginMVVM" */ = {
			isa = XCConfigurationList;
			buildConfigurations = (
				BED5C67720AF488200838019 /* Debug */,
				BED5C67820AF488200838019 /* Release */,
			);
			defaultConfigurationIsVisible = 0;
			defaultConfigurationName = Release;
		};
		BED5C67920AF488200838019 /* Build configuration list for PBXNativeTarget "LoginMVVMTests" */ = {
			isa = XCConfigurationList;
			buildConfigurations = (
				BED5C67A20AF488200838019 /* Debug */,
				BED5C67B20AF488200838019 /* Release */,
			);
			defaultConfigurationIsVisible = 0;
			defaultConfigurationName = Release;
		};
/* End XCConfigurationList section */
	};
	rootObject = BED5C65120AF488100838019 /* Project object */;
}
